{
  "name": "@bloomberg/record-tuple-playground",
  "version": "0.0.1",
  "lockfileVersion": 1,
  "requires": true,
  "dependencies": {
    "@babel/helper-annotate-as-pure": {
      "version": "7.10.4",
      "resolved": "http://artprod.dev.bloomberg.com/artifactory/api/npm/npm-repos/@babel/helper-annotate-as-pure/-/helper-annotate-as-pure-7.10.4.tgz",
      "integrity": "sha1-W/DUlaP3V6w72ki1vzs7ownHK6M=",
      "requires": {
        "@babel/types": "^7.10.4"
      }
    },
    "@babel/helper-builder-react-jsx": {
      "version": "7.10.4",
      "resolved": "http://artprod.dev.bloomberg.com/artifactory/api/npm/npm-repos/@babel/helper-builder-react-jsx/-/helper-builder-react-jsx-7.10.4.tgz",
      "integrity": "sha1-gJXN2/+Fjm+pwyba7lSi8nMsHV0=",
      "requires": {
        "@babel/helper-annotate-as-pure": "^7.10.4",
        "@babel/types": "^7.10.4"
      }
    },
    "@babel/helper-builder-react-jsx-experimental": {
      "version": "7.10.5",
      "resolved": "http://artprod.dev.bloomberg.com/artifactory/api/npm/npm-repos/@babel/helper-builder-react-jsx-experimental/-/helper-builder-react-jsx-experimental-7.10.5.tgz",
      "integrity": "sha1-816VahmVX/CMEljkSlFabWJIZGs=",
      "requires": {
        "@babel/helper-annotate-as-pure": "^7.10.4",
        "@babel/helper-module-imports": "^7.10.4",
        "@babel/types": "^7.10.5"
      }
    },
    "@babel/helper-module-imports": {
      "version": "7.10.4",
      "resolved": "http://artprod.dev.bloomberg.com/artifactory/api/npm/npm-repos/@babel/helper-module-imports/-/helper-module-imports-7.10.4.tgz",
      "integrity": "sha1-TFxUvgS9MWcKc4J5fXW5+i5bViA=",
      "requires": {
        "@babel/types": "^7.10.4"
      }
    },
    "@babel/helper-plugin-utils": {
      "version": "7.10.4",
      "resolved": "http://artprod.dev.bloomberg.com/artifactory/api/npm/npm-repos/@babel/helper-plugin-utils/-/helper-plugin-utils-7.10.4.tgz",
      "integrity": "sha1-L3WoMSadT2d95JmG3/WZJ1M883U="
    },
    "@babel/helper-validator-identifier": {
      "version": "7.10.4",
      "resolved": "http://artprod.dev.bloomberg.com/artifactory/api/npm/npm-repos/@babel/helper-validator-identifier/-/helper-validator-identifier-7.10.4.tgz",
      "integrity": "sha1-p4x6clHgH2FlEtMbEK3PUq2l4NI="
    },
    "@babel/plugin-syntax-jsx": {
      "version": "7.10.4",
      "resolved": "http://artprod.dev.bloomberg.com/artifactory/api/npm/npm-repos/@babel/plugin-syntax-jsx/-/plugin-syntax-jsx-7.10.4.tgz",
      "integrity": "sha1-Oauq48v3EMQ3PYQpSE5rohNAFmw=",
      "requires": {
        "@babel/helper-plugin-utils": "^7.10.4"
      }
    },
    "@babel/plugin-transform-react-display-name": {
      "version": "7.10.4",
      "resolved": "http://artprod.dev.bloomberg.com/artifactory/api/npm/npm-repos/@babel/plugin-transform-react-display-name/-/plugin-transform-react-display-name-7.10.4.tgz",
      "integrity": "sha1-tXlfTj4xQEGcNhG3oqODK5rvMo0=",
      "requires": {
        "@babel/helper-plugin-utils": "^7.10.4"
      }
    },
    "@babel/plugin-transform-react-jsx": {
      "version": "7.10.4",
      "resolved": "http://artprod.dev.bloomberg.com/artifactory/api/npm/npm-repos/@babel/plugin-transform-react-jsx/-/plugin-transform-react-jsx-7.10.4.tgz",
      "integrity": "sha1-ZzyfkTlIdkpEIWg7K+8pNpaP3fI=",
      "requires": {
        "@babel/helper-builder-react-jsx": "^7.10.4",
        "@babel/helper-builder-react-jsx-experimental": "^7.10.4",
        "@babel/helper-plugin-utils": "^7.10.4",
        "@babel/plugin-syntax-jsx": "^7.10.4"
      }
    },
    "@babel/plugin-transform-react-jsx-development": {
      "version": "7.10.4",
      "resolved": "http://artprod.dev.bloomberg.com/artifactory/api/npm/npm-repos/@babel/plugin-transform-react-jsx-development/-/plugin-transform-react-jsx-development-7.10.4.tgz",
      "integrity": "sha1-bskPJEOUYEYjiA4V68PDTDViWLo=",
      "requires": {
        "@babel/helper-builder-react-jsx-experimental": "^7.10.4",
        "@babel/helper-plugin-utils": "^7.10.4",
        "@babel/plugin-syntax-jsx": "^7.10.4"
      }
    },
    "@babel/plugin-transform-react-jsx-self": {
      "version": "7.10.4",
      "resolved": "http://artprod.dev.bloomberg.com/artifactory/api/npm/npm-repos/@babel/plugin-transform-react-jsx-self/-/plugin-transform-react-jsx-self-7.10.4.tgz",
      "integrity": "sha1-zTAaX+2JiMGC7QudVem9bbC9k2k=",
      "requires": {
        "@babel/helper-plugin-utils": "^7.10.4",
        "@babel/plugin-syntax-jsx": "^7.10.4"
      }
    },
    "@babel/plugin-transform-react-jsx-source": {
      "version": "7.10.5",
      "resolved": "http://artprod.dev.bloomberg.com/artifactory/api/npm/npm-repos/@babel/plugin-transform-react-jsx-source/-/plugin-transform-react-jsx-source-7.10.5.tgz",
      "integrity": "sha1-NPF3kRdSCnecBU8s3ZaAQ1uSIrQ=",
      "requires": {
        "@babel/helper-plugin-utils": "^7.10.4",
        "@babel/plugin-syntax-jsx": "^7.10.4"
      }
    },
    "@babel/plugin-transform-react-pure-annotations": {
      "version": "7.10.4",
      "resolved": "http://artprod.dev.bloomberg.com/artifactory/api/npm/npm-repos/@babel/plugin-transform-react-pure-annotations/-/plugin-transform-react-pure-annotations-7.10.4.tgz",
      "integrity": "sha1-Pu+7c9uUr7wHXwl1I+RFNUocZQE=",
      "requires": {
        "@babel/helper-annotate-as-pure": "^7.10.4",
        "@babel/helper-plugin-utils": "^7.10.4"
      }
    },
    "@babel/preset-react": {
      "version": "7.10.4",
      "resolved": "http://artprod.dev.bloomberg.com/artifactory/api/npm/npm-repos/@babel/preset-react/-/preset-react-7.10.4.tgz",
      "integrity": "sha1-kuimbYFvmRHRHUzJNb5nrfyC288=",
      "requires": {
        "@babel/helper-plugin-utils": "^7.10.4",
        "@babel/plugin-transform-react-display-name": "^7.10.4",
        "@babel/plugin-transform-react-jsx": "^7.10.4",
        "@babel/plugin-transform-react-jsx-development": "^7.10.4",
        "@babel/plugin-transform-react-jsx-self": "^7.10.4",
        "@babel/plugin-transform-react-jsx-source": "^7.10.4",
        "@babel/plugin-transform-react-pure-annotations": "^7.10.4"
      }
    },
    "@babel/types": {
      "version": "7.10.5",
      "resolved": "http://artprod.dev.bloomberg.com/artifactory/api/npm/npm-repos/@babel/types/-/types-7.10.5.tgz",
      "integrity": "sha1-2Irn4v3oa/v+hR1Nga+nCpl7XRU=",
      "requires": {
        "@babel/helper-validator-identifier": "^7.10.4",
        "lodash": "^4.17.19",
        "to-fast-properties": "^2.0.0"
      }
    },
    "@types/prop-types": {
      "version": "15.7.3",
      "resolved": "http://artprod.dev.bloomberg.com/artifactory/api/npm/npm-repos/@types/prop-types/-/prop-types-15.7.3.tgz",
      "integrity": "sha1-KrDV2i5YFflLC51LldHl8kOrLKc="
    },
    "@types/react": {
      "version": "16.9.43",
      "resolved": "http://artprod.dev.bloomberg.com/artifactory/api/npm/npm-repos/@types/react/-/react-16.9.43.tgz",
      "integrity": "sha1-wofyP2GJZm7jvrwuuND4S8ts22s=",
      "requires": {
        "@types/prop-types": "*",
        "csstype": "^2.2.0"
      }
    },
    "csstype": {
      "version": "2.6.11",
      "resolved": "http://artprod.dev.bloomberg.com/artifactory/api/npm/npm-repos/csstype/-/csstype-2.6.11.tgz",
      "integrity": "sha1-RS9NAkFJ7PJgqFKwJeNlYqJT/8U="
    },
    "js-tokens": {
      "version": "4.0.0",
      "resolved": "http://artprod.dev.bloomberg.com/artifactory/api/npm/npm-repos/js-tokens/-/js-tokens-4.0.0.tgz",
      "integrity": "sha1-GSA/tZmR35jjoocFDUZHzerzJJk="
    },
    "lodash": {
      "version": "4.17.19",
      "resolved": "http://artprod.dev.bloomberg.com/artifactory/api/npm/npm-repos/lodash/-/lodash-4.17.19.tgz",
      "integrity": "sha1-5I3e2+MLMyF4PFtDAfvTU7weSks="
    },
    "loose-envify": {
      "version": "1.4.0",
      "resolved": "http://artprod.dev.bloomberg.com/artifactory/api/npm/npm-repos/loose-envify/-/loose-envify-1.4.0.tgz",
      "integrity": "sha1-ce5R+nvkyuwaY4OffmgtgTLTDK8=",
      "requires": {
        "js-tokens": "^3.0.0 || ^4.0.0"
      }
    },
    "monaco-editor": {
      "version": "0.19.3"
    },
    "object-assign": {
      "version": "4.1.1",
      "resolved": "http://artprod.dev.bloomberg.com/artifactory/api/npm/npm-repos/object-assign/-/object-assign-4.1.1.tgz",
      "integrity": "sha1-IQmtx5ZYh8/AXLvUQsrIv7s2CGM="
    },
    "prop-types": {
      "version": "15.7.2",
      "resolved": "http://artprod.dev.bloomberg.com/artifactory/api/npm/npm-repos/prop-types/-/prop-types-15.7.2.tgz",
      "integrity": "sha1-UsQedbjIfnK52TYOAga5ncv/psU=",
      "requires": {
        "loose-envify": "^1.4.0",
        "object-assign": "^4.1.1",
        "react-is": "^16.8.1"
      }
    },
    "react-is": {
      "version": "16.13.1",
      "resolved": "http://artprod.dev.bloomberg.com/artifactory/api/npm/npm-repos/react-is/-/react-is-16.13.1.tgz",
      "integrity": "sha1-eJcppNw23imZ3BVt1sHZwYzqVqQ="
    },
    "react-monaco-editor": {
      "version": "0.32.1",
      "requires": {
        "@types/react": "^15.x || ^16.x",
        "prop-types": "^15.0.0"
      }
    },
    "to-fast-properties": {
      "version": "2.0.0",
      "resolved": "http://artprod.dev.bloomberg.com/artifactory/api/npm/npm-repos/to-fast-properties/-/to-fast-properties-2.0.0.tgz",
      "integrity": "sha1-3F5pjL0HkmW8c+A3doGk5Og/YW4="
    }
  }
}
